PODS:
  - app_links (6.4.1):
    - Flutter
  - Flutter (1.0.0)
  - flutter_secure_storage (6.0.0):
    - Flutter
  - geolocator_apple (1.2.0):
    - Flutter
    - FlutterMacOS
  - Google-Maps-iOS-Utils (5.0.0):
    - GoogleMaps (~> 8.0)
  - google_maps_flutter_ios (0.0.1):
    - Flutter
    - Google-Maps-iOS-Utils (< 7.0, >= 5.0)
    - GoogleMaps (< 10.0, >= 8.4)
  - GoogleMaps (8.4.0):
    - GoogleMaps/Maps (= 8.4.0)
  - GoogleMaps/Base (8.4.0)
  - GoogleMaps/Maps (8.4.0):
    - GoogleMaps/Base
  - in_app_review (2.0.0):
    - Flutter
  - integration_test (0.0.1):
    - Flutter
  - local_auth_darwin (0.0.1):
    - Flutter
    - FlutterMacOS
  - package_info_plus (0.4.5):
    - Flutter
  - path_provider_foundation (0.0.1):
    - Flutter
    - FlutterMacOS
  - shared_preferences_foundation (0.0.1):
    - Flutter
    - FlutterMacOS
  - sqflite_darwin (0.0.4):
    - Flutter
    - FlutterMacOS
  - Stripe (23.27.6):
    - StripeApplePay (= 23.27.6)
    - StripeCore (= 23.27.6)
    - StripePayments (= 23.27.6)
    - StripePaymentsUI (= 23.27.6)
    - StripeUICore (= 23.27.6)
  - stripe_ios (0.0.1):
    - Flutter
    - Stripe (~> 23.27.0)
    - StripeApplePay (~> 23.27.0)
    - StripeFinancialConnections (~> 23.27.0)
    - StripePayments (~> 23.27.0)
    - StripePaymentSheet (~> 23.27.0)
    - StripePaymentsUI (~> 23.27.0)
  - StripeApplePay (23.27.6):
    - StripeCore (= 23.27.6)
  - StripeCore (23.27.6)
  - StripeFinancialConnections (23.27.6):
    - StripeCore (= 23.27.6)
    - StripeUICore (= 23.27.6)
  - StripePayments (23.27.6):
    - StripeCore (= 23.27.6)
    - StripePayments/Stripe3DS2 (= 23.27.6)
  - StripePayments/Stripe3DS2 (23.27.6):
    - StripeCore (= 23.27.6)
  - StripePaymentSheet (23.27.6):
    - StripeApplePay (= 23.27.6)
    - StripeCore (= 23.27.6)
    - StripePayments (= 23.27.6)
    - StripePaymentsUI (= 23.27.6)
  - StripePaymentsUI (23.27.6):
    - StripeCore (= 23.27.6)
    - StripePayments (= 23.27.6)
    - StripeUICore (= 23.27.6)
  - StripeUICore (23.27.6):
    - StripeCore (= 23.27.6)
  - url_launcher_ios (0.0.1):
    - Flutter
  - workmanager_apple (0.0.1):
    - Flutter

DEPENDENCIES:
  - app_links (from `.symlinks/plugins/app_links/ios`)
  - Flutter (from `Flutter`)
  - flutter_secure_storage (from `.symlinks/plugins/flutter_secure_storage/ios`)
  - geolocator_apple (from `.symlinks/plugins/geolocator_apple/darwin`)
  - google_maps_flutter_ios (from `.symlinks/plugins/google_maps_flutter_ios/ios`)
  - in_app_review (from `.symlinks/plugins/in_app_review/ios`)
  - integration_test (from `.symlinks/plugins/integration_test/ios`)
  - local_auth_darwin (from `.symlinks/plugins/local_auth_darwin/darwin`)
  - package_info_plus (from `.symlinks/plugins/package_info_plus/ios`)
  - path_provider_foundation (from `.symlinks/plugins/path_provider_foundation/darwin`)
  - shared_preferences_foundation (from `.symlinks/plugins/shared_preferences_foundation/darwin`)
  - sqflite_darwin (from `.symlinks/plugins/sqflite_darwin/darwin`)
  - stripe_ios (from `.symlinks/plugins/stripe_ios/ios`)
  - url_launcher_ios (from `.symlinks/plugins/url_launcher_ios/ios`)
  - workmanager_apple (from `.symlinks/plugins/workmanager_apple/ios`)

SPEC REPOS:
  trunk:
    - Google-Maps-iOS-Utils
    - GoogleMaps
    - Stripe
    - StripeApplePay
    - StripeCore
    - StripeFinancialConnections
    - StripePayments
    - StripePaymentSheet
    - StripePaymentsUI
    - StripeUICore

EXTERNAL SOURCES:
  app_links:
    :path: ".symlinks/plugins/app_links/ios"
  Flutter:
    :path: Flutter
  flutter_secure_storage:
    :path: ".symlinks/plugins/flutter_secure_storage/ios"
  geolocator_apple:
    :path: ".symlinks/plugins/geolocator_apple/darwin"
  google_maps_flutter_ios:
    :path: ".symlinks/plugins/google_maps_flutter_ios/ios"
  in_app_review:
    :path: ".symlinks/plugins/in_app_review/ios"
  integration_test:
    :path: ".symlinks/plugins/integration_test/ios"
  local_auth_darwin:
    :path: ".symlinks/plugins/local_auth_darwin/darwin"
  package_info_plus:
    :path: ".symlinks/plugins/package_info_plus/ios"
  path_provider_foundation:
    :path: ".symlinks/plugins/path_provider_foundation/darwin"
  shared_preferences_foundation:
    :path: ".symlinks/plugins/shared_preferences_foundation/darwin"
  sqflite_darwin:
    :path: ".symlinks/plugins/sqflite_darwin/darwin"
  stripe_ios:
    :path: ".symlinks/plugins/stripe_ios/ios"
  url_launcher_ios:
    :path: ".symlinks/plugins/url_launcher_ios/ios"
  workmanager_apple:
    :path: ".symlinks/plugins/workmanager_apple/ios"

SPEC CHECKSUMS:
  app_links: 3dbc685f76b1693c66a6d9dd1e9ab6f73d97dc0a
  Flutter: cabc95a1d2626b1b06e7179b784ebcf0c0cde467
  flutter_secure_storage: 1ed9476fba7e7a782b22888f956cce43e2c62f13
  geolocator_apple: ab36aa0e8b7d7a2d7639b3b4e48308394e8cef5e
  Google-Maps-iOS-Utils: 66d6de12be1ce6d3742a54661e7a79cb317a9321
  google_maps_flutter_ios: 0291eb2aa252298a769b04d075e4a9d747ff7264
  GoogleMaps: 8939898920281c649150e0af74aa291c60f2e77d
  in_app_review: 7dd1ea365263f834b8464673f9df72c80c17c937
  integration_test: 4a889634ef21a45d28d50d622cf412dc6d9f586e
  local_auth_darwin: c3ee6cce0a8d56be34c8ccb66ba31f7f180aaebb
  package_info_plus: af8e2ca6888548050f16fa2f1938db7b5a5df499
  path_provider_foundation: bb55f6dbba17d0dccd6737fe6f7f34fbd0376880
  shared_preferences_foundation: 7036424c3d8ec98dfe75ff1667cb0cd531ec82bb
  sqflite_darwin: 20b2a3a3b70e43edae938624ce550a3cbf66a3d0
  Stripe: 9fec845645e39f371e6898926d096fd9c2feb5a5
  stripe_ios: 5accba1ff472f89300e1676c351166f29dc93ced
  StripeApplePay: 5f017e8dfe259fafbab70137776189deef754bb2
  StripeCore: 01ec57f0dddfe742054dc6a322f811426c25313d
  StripeFinancialConnections: 56698cb6274bf89fb8c76b934f6156f368e97765
  StripePayments: 6adf11faf1b7038e77aa97019410305c6adca79d
  StripePaymentSheet: 3eaf870c4388e44b0cc37e4c69d00b6957fd8bd7
  StripePaymentsUI: 59ccddeacad592b09fa67e8d641340820ddb4751
  StripeUICore: 879bbf5889265db13f52fac8aad7a176ba62481f
  url_launcher_ios: 7a95fa5b60cc718a708b8f2966718e93db0cef1b
  workmanager_apple: 904529ae31e97fc5be632cf628507652294a0778

PODFILE CHECKSUM: e30f02f9d1c72c47bb6344a0a748c9d268180865

COCOAPODS: 1.16.2
